// !$*UTF8*$!
{
	archiveVersion = 1;
	classes = {
	};
	objectVersion = 77;
	objects = {

/* Begin PBXBuildFile section */
		07BD717C844F32E7282360A2 /* SubscriptionLookupTests.swift in Sources */ = {isa = PBXBuildFile; fileRef = 3ED395A87C6661BAAA9E98BB /* SubscriptionLookupTests.swift */; };
		29ACA04B956288B794B208B0 /* ReactivateSubscriptionView.swift in Sources */ = {isa = PBXBuildFile; fileRef = A93524FB8A11100D270A0930 /* ReactivateSubscriptionView.swift */; };
		1B0500010000000000000001 /* ConfirmChargeView.swift in Sources */ = {isa = PBXBuildFile; fileRef = 1B0500010000000000000002 /* ConfirmChargeView.swift */; };
		1B0500010000000000000003 /* RecordPriceChangeView.swift in Sources */ = {isa = PBXBuildFile; fileRef = 1B0500010000000000000004 /* RecordPriceChangeView.swift */; };
		4C12D90EEC1CC642D35E22A2 /* SubscriptionDetailView.swift in Sources */ = {isa = PBXBuildFile; fileRef = 6F7965D45867F28DAFB96A5D /* SubscriptionDetailView.swift */; };
		54723BACD6E59DC50EEFDCED /* SwiftDataSubscriptionRepository.swift in Sources */ = {isa = PBXBuildFile; fileRef = 58208DD28479A9E167C08113 /* SwiftDataSubscriptionRepository.swift */; };
		5A00649C395B2B471599C013 /* RecordCancellationView.swift in Sources */ = {isa = PBXBuildFile; fileRef = 53CF076D96FF1C31ED7EC2A2 /* RecordCancellationView.swift */; };
		5EFACBCB58F5A772FF61FF4B /* SubscriptionManagerApp.swift in Sources */ = {isa = PBXBuildFile; fileRef = 03DFA150363397FA01C93872 /* SubscriptionManagerApp.swift */; };
		665528E003EC11A9189C1B7D /* InfoPlist.xcstrings in Resources */ = {isa = PBXBuildFile; fileRef = 4D90D49FB3AEDF62EFA48202 /* InfoPlist.xcstrings */; };
		6660C4236F0802CD6EA713D1 /* MoneyFormatting.swift in Sources */ = {isa = PBXBuildFile; fileRef = C3C019FF49A9B77C9987C82B /* MoneyFormatting.swift */; };
		71D3C438264BA1B8C68FE357 /* SubscriptionFormSupport.swift in Sources */ = {isa = PBXBuildFile; fileRef = 2CAE4BF38A7217C53E4C047F /* SubscriptionFormSupport.swift */; };
		73C2C4432A240F796882FCD9 /* SubscriptionCore in Frameworks */ = {isa = PBXBuildFile; productRef = 30FD0B5354BE8274C66402A8 /* SubscriptionCore */; };
		866177EEBBB6B76DADA471C2 /* SubscriptionRecord.swift in Sources */ = {isa = PBXBuildFile; fileRef = 12BBDD4A3C3D5A6F92B3775B /* SubscriptionRecord.swift */; };
		8BDFDA89FC3799D7A394A305 /* AppDependencies.swift in Sources */ = {isa = PBXBuildFile; fileRef = 9FEF1B3C25246E96015F3FB1 /* AppDependencies.swift */; };
		95DD1A1B26E3AC5313818053 /* AddSubscriptionView.swift in Sources */ = {isa = PBXBuildFile; fileRef = 3E375325DBD112A5F485EF3F /* AddSubscriptionView.swift */; };
		9C86757EC90F9573E7228788 /* Localizable.xcstrings in Resources */ = {isa = PBXBuildFile; fileRef = 0AB60CE097AABC95DB396296 /* Localizable.xcstrings */; };
		A105480E30F53C6D44A30A8F /* BillingScheduleSupport.swift in Sources */ = {isa = PBXBuildFile; fileRef = 54AE7D1E07F1BF787F9E1BEF /* BillingScheduleSupport.swift */; };
		AFD2FBBC3C7453EE8B17A22D /* SubscriptionLifecycleSupport.swift in Sources */ = {isa = PBXBuildFile; fileRef = 4C0A8035198E253EFD0921C9 /* SubscriptionLifecycleSupport.swift */; };
		BFE237030B51A0B5AFBF49CE /* SubscriptionCore in Frameworks */ = {isa = PBXBuildFile; productRef = 68D9CBCB130A9BFEC4CE076E /* SubscriptionCore */; };
		C90E83DF13A2B2073C083FBF /* SwiftDataSubscriptionRepositoryTests.swift in Sources */ = {isa = PBXBuildFile; fileRef = 6F44B60853F624BFCF8B2F53 /* SwiftDataSubscriptionRepositoryTests.swift */; };
		C9F6A31BE02C4B3821562DFC /* LibraryView.swift in Sources */ = {isa = PBXBuildFile; fileRef = 15EA34A86C81D0560BC4A8A0 /* LibraryView.swift */; };
		CD2E291B88ADA438114AEA63 /* MoneyFormattingTests.swift in Sources */ = {isa = PBXBuildFile; fileRef = 1D994A995E43724CEF005FA7 /* MoneyFormattingTests.swift */; };
		CF6E7CA71A3B6B192FC10E3D /* EditSubscriptionView.swift in Sources */ = {isa = PBXBuildFile; fileRef = 33F67B88372C24F8FA06E7F1 /* EditSubscriptionView.swift */; };
		E3EC37D5EF593651F866C788 /* SubscriptionRow.swift in Sources */ = {isa = PBXBuildFile; fileRef = F24364E7E6897202F27AAE1B /* SubscriptionRow.swift */; };
		F227D20F28F63E3A1A7D0681 /* SubscriptionManagerUITests.swift in Sources */ = {isa = PBXBuildFile; fileRef = 4C522F69323C0F092E76973D /* SubscriptionManagerUITests.swift */; };
		F67C63EB88D910146E613A1A /* ManagementURLValidationTests.swift in Sources */ = {isa = PBXBuildFile; fileRef = A40A43B15F2DC8026034E7B6 /* ManagementURLValidationTests.swift */; };
		FE9D2A03AAAF24FCBDC2CEA0 /* AppDependenciesTests.swift in Sources */ = {isa = PBXBuildFile; fileRef = 178B2F8071F3AA4EEB4EF445 /* AppDependenciesTests.swift */; };
		1B0600010000000000000001 /* BundledCatalogRepositoryTests.swift in Sources */ = {isa = PBXBuildFile; fileRef = 1B0600010000000000000002 /* BundledCatalogRepositoryTests.swift */; };
		1B0600010000000000000003 /* catalog-v1.json in Resources */ = {isa = PBXBuildFile; fileRef = 1B0600010000000000000004 /* catalog-v1.json */; };
		1B0600010000000000000005 /* BundledCatalogRepository.swift in Sources */ = {isa = PBXBuildFile; fileRef = 1B0600010000000000000006 /* BundledCatalogRepository.swift */; };
		1B0600010000000000000008 /* CatalogBrowserView.swift in Sources */ = {isa = PBXBuildFile; fileRef = 1B0600010000000000000009 /* CatalogBrowserView.swift */; };
		1B0600010000000000000010 /* CatalogPresetDetailView.swift in Sources */ = {isa = PBXBuildFile; fileRef = 1B0600010000000000000011 /* CatalogPresetDetailView.swift */; };
		1B0700010000000000000001 /* FileCatalogCache.swift in Sources */ = {isa = PBXBuildFile; fileRef = 1B0700010000000000000002 /* FileCatalogCache.swift */; };
		1B0700010000000000000003 /* GitHubCatalogUpdateSource.swift in Sources */ = {isa = PBXBuildFile; fileRef = 1B0700010000000000000004 /* GitHubCatalogUpdateSource.swift */; };
		1B1600010000000000000001 /* CloudKitLibrarySyncMonitor.swift in Sources */ = {isa = PBXBuildFile; fileRef = 1B1600010000000000000002 /* CloudKitLibrarySyncMonitor.swift */; };
		1B1700010000000000000001 /* CalendarProjectionView.swift in Sources */ = {isa = PBXBuildFile; fileRef = 1B1700010000000000000002 /* CalendarProjectionView.swift */; };
		1B1800010000000000000001 /* EventKitCalendarProjectionImporterTests.swift in Sources */ = {isa = PBXBuildFile; fileRef = 1B1800010000000000000002 /* EventKitCalendarProjectionImporterTests.swift */; };
		1B1800010000000000000003 /* EventKitCalendarProjectionImporter.swift in Sources */ = {isa = PBXBuildFile; fileRef = 1B1800010000000000000004 /* EventKitCalendarProjectionImporter.swift */; };
		1B2000010000000000000001 /* PortableExportView.swift in Sources */ = {isa = PBXBuildFile; fileRef = 1B2000010000000000000002 /* PortableExportView.swift */; };
/* End PBXBuildFile section */

/* Begin PBXContainerItemProxy section */
		A8AFB8CFEFF5090F4BAA973D /* PBXContainerItemProxy */ = {
			isa = PBXContainerItemProxy;
			containerPortal = 7027914DB025F3AD4DCB8619 /* Project object */;
			proxyType = 1;
			remoteGlobalIDString = 56B439A7F4EE5BEA55D5EE49;
			remoteInfo = SubscriptionManager;
		};
		F6ADE214110C6AAEAF9E7231 /* PBXContainerItemProxy */ = {
			isa = PBXContainerItemProxy;
			containerPortal = 7027914DB025F3AD4DCB8619 /* Project object */;
			proxyType = 1;
			remoteGlobalIDString = 56B439A7F4EE5BEA55D5EE49;
			remoteInfo = SubscriptionManager;
		};
/* End PBXContainerItemProxy section */

/* Begin PBXFileReference section */
		03DFA150363397FA01C93872 /* SubscriptionManagerApp.swift */ = {isa = PBXFileReference; lastKnownFileType = sourcecode.swift; path = SubscriptionManagerApp.swift; sourceTree = "<group>"; };
		0AB60CE097AABC95DB396296 /* Localizable.xcstrings */ = {isa = PBXFileReference; lastKnownFileType = text.json.xcstrings; path = Localizable.xcstrings; sourceTree = "<group>"; };
		12BBDD4A3C3D5A6F92B3775B /* SubscriptionRecord.swift */ = {isa = PBXFileReference; lastKnownFileType = sourcecode.swift; path = SubscriptionRecord.swift; sourceTree = "<group>"; };
		15EA34A86C81D0560BC4A8A0 /* LibraryView.swift */ = {isa = PBXFileReference; lastKnownFileType = sourcecode.swift; path = LibraryView.swift; sourceTree = "<group>"; };
		178B2F8071F3AA4EEB4EF445 /* AppDependenciesTests.swift */ = {isa = PBXFileReference; lastKnownFileType = sourcecode.swift; path = AppDependenciesTests.swift; sourceTree = "<group>"; };
		1B0500010000000000000002 /* ConfirmChargeView.swift */ = {isa = PBXFileReference; lastKnownFileType = sourcecode.swift; path = ConfirmChargeView.swift; sourceTree = "<group>"; };
		1B0500010000000000000004 /* RecordPriceChangeView.swift */ = {isa = PBXFileReference; lastKnownFileType = sourcecode.swift; path = RecordPriceChangeView.swift; sourceTree = "<group>"; };
		1D994A995E43724CEF005FA7 /* MoneyFormattingTests.swift */ = {isa = PBXFileReference; lastKnownFileType = sourcecode.swift; path = MoneyFormattingTests.swift; sourceTree = "<group>"; };
		2CAE4BF38A7217C53E4C047F /* SubscriptionFormSupport.swift */ = {isa = PBXFileReference; lastKnownFileType = sourcecode.swift; path = SubscriptionFormSupport.swift; sourceTree = "<group>"; };
		33F67B88372C24F8FA06E7F1 /* EditSubscriptionView.swift */ = {isa = PBXFileReference; lastKnownFileType = sourcecode.swift; path = EditSubscriptionView.swift; sourceTree = "<group>"; };
		3E375325DBD112A5F485EF3F /* AddSubscriptionView.swift */ = {isa = PBXFileReference; lastKnownFileType = sourcecode.swift; path = AddSubscriptionView.swift; sourceTree = "<group>"; };
		3ED395A87C6661BAAA9E98BB /* SubscriptionLookupTests.swift */ = {isa = PBXFileReference; lastKnownFileType = sourcecode.swift; path = SubscriptionLookupTests.swift; sourceTree = "<group>"; };
		417B504B82A0927D26DDDB31 /* SubscriptionManagerUITests.xctest */ = {isa = PBXFileReference; includeInIndex = 0; lastKnownFileType = wrapper.cfbundle; path = SubscriptionManagerUITests.xctest; sourceTree = BUILT_PRODUCTS_DIR; };
		4C0A8035198E253EFD0921C9 /* SubscriptionLifecycleSupport.swift */ = {isa = PBXFileReference; lastKnownFileType = sourcecode.swift; path = SubscriptionLifecycleSupport.swift; sourceTree = "<group>"; };
		4C522F69323C0F092E76973D /* SubscriptionManagerUITests.swift */ = {isa = PBXFileReference; lastKnownFileType = sourcecode.swift; path = SubscriptionManagerUITests.swift; sourceTree = "<group>"; };
		4D90D49FB3AEDF62EFA48202 /* InfoPlist.xcstrings */ = {isa = PBXFileReference; lastKnownFileType = text.json.xcstrings; path = InfoPlist.xcstrings; sourceTree = "<group>"; };
		53CF076D96FF1C31ED7EC2A2 /* RecordCancellationView.swift */ = {isa = PBXFileReference; lastKnownFileType = sourcecode.swift; path = RecordCancellationView.swift; sourceTree = "<group>"; };
		54AE7D1E07F1BF787F9E1BEF /* BillingScheduleSupport.swift */ = {isa = PBXFileReference; lastKnownFileType = sourcecode.swift; path = BillingScheduleSupport.swift; sourceTree = "<group>"; };
		58208DD28479A9E167C08113 /* SwiftDataSubscriptionRepository.swift */ = {isa = PBXFileReference; lastKnownFileType = sourcecode.swift; path = SwiftDataSubscriptionRepository.swift; sourceTree = "<group>"; };
		6F44B60853F624BFCF8B2F53 /* SwiftDataSubscriptionRepositoryTests.swift */ = {isa = PBXFileReference; lastKnownFileType = sourcecode.swift; path = SwiftDataSubscriptionRepositoryTests.swift; sourceTree = "<group>"; };
		6F7965D45867F28DAFB96A5D /* SubscriptionDetailView.swift */ = {isa = PBXFileReference; lastKnownFileType = sourcecode.swift; path = SubscriptionDetailView.swift; sourceTree = "<group>"; };
		8D1784DAF6D526C287B9B8CF /* Info.plist */ = {isa = PBXFileReference; lastKnownFileType = text.plist; path = Info.plist; sourceTree = "<group>"; };
		99D687DDF8D151CB8B4AB595 /* SubscriptionManagerTests.xctest */ = {isa = PBXFileReference; includeInIndex = 0; lastKnownFileType = wrapper.cfbundle; path = SubscriptionManagerTests.xctest; sourceTree = BUILT_PRODUCTS_DIR; };
		9FEF1B3C25246E96015F3FB1 /* AppDependencies.swift */ = {isa = PBXFileReference; lastKnownFileType = sourcecode.swift; path = AppDependencies.swift; sourceTree = "<group>"; };
		A40A43B15F2DC8026034E7B6 /* ManagementURLValidationTests.swift */ = {isa = PBXFileReference; lastKnownFileType = sourcecode.swift; path = ManagementURLValidationTests.swift; sourceTree = "<group>"; };
		A51067E214337D512DCE7E15 /* SubscriptionManager.app */ = {isa = PBXFileReference; includeInIndex = 0; lastKnownFileType = wrapper.application; path = SubscriptionManager.app; sourceTree = BUILT_PRODUCTS_DIR; };
		A93524FB8A11100D270A0930 /* ReactivateSubscriptionView.swift */ = {isa = PBXFileReference; lastKnownFileType = sourcecode.swift; path = ReactivateSubscriptionView.swift; sourceTree = "<group>"; };
		BC563C5D4CFE9FE1F0148C35 /* SubscriptionCore */ = {isa = PBXFileReference; lastKnownFileType = folder; name = SubscriptionCore; path = Packages/SubscriptionCore; sourceTree = SOURCE_ROOT; };
		C3C019FF49A9B77C9987C82B /* MoneyFormatting.swift */ = {isa = PBXFileReference; lastKnownFileType = sourcecode.swift; path = MoneyFormatting.swift; sourceTree = "<group>"; };
		F24364E7E6897202F27AAE1B /* SubscriptionRow.swift */ = {isa = PBXFileReference; lastKnownFileType = sourcecode.swift; path = SubscriptionRow.swift; sourceTree = "<group>"; };
		1B0600010000000000000002 /* BundledCatalogRepositoryTests.swift */ = {isa = PBXFileReference; lastKnownFileType = sourcecode.swift; path = BundledCatalogRepositoryTests.swift; sourceTree = "<group>"; };
		1B0600010000000000000004 /* catalog-v1.json */ = {isa = PBXFileReference; lastKnownFileType = text.json; path = "catalog-v1.json"; sourceTree = "<group>"; };
		1B0600010000000000000006 /* BundledCatalogRepository.swift */ = {isa = PBXFileReference; lastKnownFileType = sourcecode.swift; path = BundledCatalogRepository.swift; sourceTree = "<group>"; };
		1B0600010000000000000009 /* CatalogBrowserView.swift */ = {isa = PBXFileReference; lastKnownFileType = sourcecode.swift; path = CatalogBrowserView.swift; sourceTree = "<group>"; };
		1B0600010000000000000011 /* CatalogPresetDetailView.swift */ = {isa = PBXFileReference; lastKnownFileType = sourcecode.swift; path = CatalogPresetDetailView.swift; sourceTree = "<group>"; };
		1B0700010000000000000002 /* FileCatalogCache.swift */ = {isa = PBXFileReference; lastKnownFileType = sourcecode.swift; path = FileCatalogCache.swift; sourceTree = "<group>"; };
		1B0700010000000000000004 /* GitHubCatalogUpdateSource.swift */ = {isa = PBXFileReference; lastKnownFileType = sourcecode.swift; path = GitHubCatalogUpdateSource.swift; sourceTree = "<group>"; };
		1B1600010000000000000002 /* CloudKitLibrarySyncMonitor.swift */ = {isa = PBXFileReference; lastKnownFileType = sourcecode.swift; path = CloudKitLibrarySyncMonitor.swift; sourceTree = "<group>"; };
		1B1700010000000000000002 /* CalendarProjectionView.swift */ = {isa = PBXFileReference; lastKnownFileType = sourcecode.swift; path = CalendarProjectionView.swift; sourceTree = "<group>"; };
		1B1800010000000000000002 /* EventKitCalendarProjectionImporterTests.swift */ = {isa = PBXFileReference; lastKnownFileType = sourcecode.swift; path = EventKitCalendarProjectionImporterTests.swift; sourceTree = "<group>"; };
		1B1800010000000000000004 /* EventKitCalendarProjectionImporter.swift */ = {isa = PBXFileReference; lastKnownFileType = sourcecode.swift; path = EventKitCalendarProjectionImporter.swift; sourceTree = "<group>"; };
		1B2000010000000000000002 /* PortableExportView.swift */ = {isa = PBXFileReference; lastKnownFileType = sourcecode.swift; path = PortableExportView.swift; sourceTree = "<group>"; };
/* End PBXFileReference section */

/* Begin PBXFrameworksBuildPhase section */
		283069763F899FC288C5E9BD /* Frameworks */ = {
			isa = PBXFrameworksBuildPhase;
			buildActionMask = 2147483647;
			files = (
				73C2C4432A240F796882FCD9 /* SubscriptionCore in Frameworks */,
			);
			runOnlyForDeploymentPostprocessing = 0;
		};
		56391C7CCBE0DD97C44297FC /* Frameworks */ = {
			isa = PBXFrameworksBuildPhase;
			buildActionMask = 2147483647;
			files = (
				BFE237030B51A0B5AFBF49CE /* SubscriptionCore in Frameworks */,
			);
			runOnlyForDeploymentPostprocessing = 0;
		};
/* End PBXFrameworksBuildPhase section */

/* Begin PBXGroup section */
		14B5D7E66DACAF27289354FD /* Packages */ = {
			isa = PBXGroup;
			children = (
				BC563C5D4CFE9FE1F0148C35 /* SubscriptionCore */,
			);
			path = Packages;
			sourceTree = "<group>";
		};
		2360679A7B1308DF2E926578 /* App */ = {
			isa = PBXGroup;
			children = (
				9FEF1B3C25246E96015F3FB1 /* AppDependencies.swift */,
				03DFA150363397FA01C93872 /* SubscriptionManagerApp.swift */,
			);
			path = App;
			sourceTree = "<group>";
		};
		290714ACD769A082A5CCAE7D /* SubscriptionManager */ = {
			isa = PBXGroup;
			children = (
				8D1784DAF6D526C287B9B8CF /* Info.plist */,
				2360679A7B1308DF2E926578 /* App */,
				1B0600010000000000000007 /* Catalog */,
				438293401ACA5626F66CBFAC /* Library */,
				EF3A0C116AD330A62C107F93 /* Persistence */,
				1B1600010000000000000003 /* Sync */,
				1B1800010000000000000005 /* Calendar */,
				8AC3B566569D42543C5D51CB /* Resources */,
			);
			path = SubscriptionManager;
			sourceTree = "<group>";
		};
		330771DFBD330C997380DE27 = {
			isa = PBXGroup;
			children = (
				14B5D7E66DACAF27289354FD /* Packages */,
				290714ACD769A082A5CCAE7D /* SubscriptionManager */,
				8DE509BE733D1FCB078CC966 /* SubscriptionManagerTests */,
				5354945DBF005C0FA67FB4EC /* SubscriptionManagerUITests */,
				91D10F42CF493F725CBDF4AC /* Products */,
			);
			sourceTree = "<group>";
		};
		438293401ACA5626F66CBFAC /* Library */ = {
			isa = PBXGroup;
			children = (
				1B1700010000000000000002 /* CalendarProjectionView.swift */,
				1B2000010000000000000002 /* PortableExportView.swift */,
				3E375325DBD112A5F485EF3F /* AddSubscriptionView.swift */,
				1B0500010000000000000002 /* ConfirmChargeView.swift */,
				54AE7D1E07F1BF787F9E1BEF /* BillingScheduleSupport.swift */,
				33F67B88372C24F8FA06E7F1 /* EditSubscriptionView.swift */,
				15EA34A86C81D0560BC4A8A0 /* LibraryView.swift */,
				C3C019FF49A9B77C9987C82B /* MoneyFormatting.swift */,
				A93524FB8A11100D270A0930 /* ReactivateSubscriptionView.swift */,
				53CF076D96FF1C31ED7EC2A2 /* RecordCancellationView.swift */,
				1B0500010000000000000004 /* RecordPriceChangeView.swift */,
				6F7965D45867F28DAFB96A5D /* SubscriptionDetailView.swift */,
				2CAE4BF38A7217C53E4C047F /* SubscriptionFormSupport.swift */,
				4C0A8035198E253EFD0921C9 /* SubscriptionLifecycleSupport.swift */,
				F24364E7E6897202F27AAE1B /* SubscriptionRow.swift */,
			);
			path = Library;
			sourceTree = "<group>";
		};
		1B0600010000000000000007 /* Catalog */ = {
			isa = PBXGroup;
			children = (
				1B0600010000000000000009 /* CatalogBrowserView.swift */,
				1B0600010000000000000011 /* CatalogPresetDetailView.swift */,
				1B0600010000000000000006 /* BundledCatalogRepository.swift */,
				1B0700010000000000000002 /* FileCatalogCache.swift */,
				1B0700010000000000000004 /* GitHubCatalogUpdateSource.swift */,
			);
			path = Catalog;
			sourceTree = "<group>";
		};
		1B1600010000000000000003 /* Sync */ = {
			isa = PBXGroup;
			children = (
				1B1600010000000000000002 /* CloudKitLibrarySyncMonitor.swift */,
			);
			path = Sync;
			sourceTree = "<group>";
		};
		1B1800010000000000000005 /* Calendar */ = {
			isa = PBXGroup;
			children = (
				1B1800010000000000000004 /* EventKitCalendarProjectionImporter.swift */,
			);
			path = Calendar;
			sourceTree = "<group>";
		};
		5354945DBF005C0FA67FB4EC /* SubscriptionManagerUITests */ = {
			isa = PBXGroup;
			children = (
				4C522F69323C0F092E76973D /* SubscriptionManagerUITests.swift */,
			);
			path = SubscriptionManagerUITests;
			sourceTree = "<group>";
		};
		8AC3B566569D42543C5D51CB /* Resources */ = {
			isa = PBXGroup;
			children = (
				1B0600010000000000000004 /* catalog-v1.json */,
				4D90D49FB3AEDF62EFA48202 /* InfoPlist.xcstrings */,
				0AB60CE097AABC95DB396296 /* Localizable.xcstrings */,
			);
			path = Resources;
			sourceTree = "<group>";
		};
		8DE509BE733D1FCB078CC966 /* SubscriptionManagerTests */ = {
			isa = PBXGroup;
			children = (
				1B1800010000000000000002 /* EventKitCalendarProjectionImporterTests.swift */,
				178B2F8071F3AA4EEB4EF445 /* AppDependenciesTests.swift */,
				1B0600010000000000000002 /* BundledCatalogRepositoryTests.swift */,
				A40A43B15F2DC8026034E7B6 /* ManagementURLValidationTests.swift */,
				1D994A995E43724CEF005FA7 /* MoneyFormattingTests.swift */,
				3ED395A87C6661BAAA9E98BB /* SubscriptionLookupTests.swift */,
				6F44B60853F624BFCF8B2F53 /* SwiftDataSubscriptionRepositoryTests.swift */,
			);
			path = SubscriptionManagerTests;
			sourceTree = "<group>";
		};
		91D10F42CF493F725CBDF4AC /* Products */ = {
			isa = PBXGroup;
			children = (
				A51067E214337D512DCE7E15 /* SubscriptionManager.app */,
				99D687DDF8D151CB8B4AB595 /* SubscriptionManagerTests.xctest */,
				417B504B82A0927D26DDDB31 /* SubscriptionManagerUITests.xctest */,
			);
			name = Products;
			sourceTree = "<group>";
		};
		EF3A0C116AD330A62C107F93 /* Persistence */ = {
			isa = PBXGroup;
			children = (
				12BBDD4A3C3D5A6F92B3775B /* SubscriptionRecord.swift */,
				58208DD28479A9E167C08113 /* SwiftDataSubscriptionRepository.swift */,
			);
			path = Persistence;
			sourceTree = "<group>";
		};
/* End PBXGroup section */

/* Begin PBXNativeTarget section */
		56B439A7F4EE5BEA55D5EE49 /* SubscriptionManager */ = {
			isa = PBXNativeTarget;
			buildConfigurationList = 399D641B54CC2C910B7B2090 /* Build configuration list for PBXNativeTarget "SubscriptionManager" */;
			buildPhases = (
				79057D6825C052EBE1FBA7B0 /* Sources */,
				EF0F8F628B42511776D79188 /* Resources */,
				56391C7CCBE0DD97C44297FC /* Frameworks */,
			);
			buildRules = (
			);
			dependencies = (
			);
			name = SubscriptionManager;
			packageProductDependencies = (
				68D9CBCB130A9BFEC4CE076E /* SubscriptionCore */,
			);
			productName = SubscriptionManager;
			productReference = A51067E214337D512DCE7E15 /* SubscriptionManager.app */;
			productType = "com.apple.product-type.application";
		};
		8EF6D325FD11789E1AAF40EF /* SubscriptionManagerTests */ = {
			isa = PBXNativeTarget;
			buildConfigurationList = 57181758D9D60D941937DCFC /* Build configuration list for PBXNativeTarget "SubscriptionManagerTests" */;
			buildPhases = (
				B8726DBC44A1417F0E5B276B /* Sources */,
				283069763F899FC288C5E9BD /* Frameworks */,
			);
			buildRules = (
			);
			dependencies = (
				E68F9056E1EF6C13BC991365 /* PBXTargetDependency */,
			);
			name = SubscriptionManagerTests;
			packageProductDependencies = (
				30FD0B5354BE8274C66402A8 /* SubscriptionCore */,
			);
			productName = SubscriptionManagerTests;
			productReference = 99D687DDF8D151CB8B4AB595 /* SubscriptionManagerTests.xctest */;
			productType = "com.apple.product-type.bundle.unit-test";
		};
		C31F72127A379DD9E25117AA /* SubscriptionManagerUITests */ = {
			isa = PBXNativeTarget;
			buildConfigurationList = 825A209A58936F91A1832428 /* Build configuration list for PBXNativeTarget "SubscriptionManagerUITests" */;
			buildPhases = (
				AA7F7FD9AB14DB92EF5770B0 /* Sources */,
			);
			buildRules = (
			);
			dependencies = (
				553FCED0035B072963B64B81 /* PBXTargetDependency */,
			);
			name = SubscriptionManagerUITests;
			packageProductDependencies = (
			);
			productName = SubscriptionManagerUITests;
			productReference = 417B504B82A0927D26DDDB31 /* SubscriptionManagerUITests.xctest */;
			productType = "com.apple.product-type.bundle.ui-testing";
		};
/* End PBXNativeTarget section */

/* Begin PBXProject section */
		7027914DB025F3AD4DCB8619 /* Project object */ = {
			isa = PBXProject;
			attributes = {
				BuildIndependentTargetsInParallel = YES;
				LastUpgradeCheck = 1430;
				TargetAttributes = {
					C31F72127A379DD9E25117AA = {
						TestTargetID = 56B439A7F4EE5BEA55D5EE49;
					};
				};
			};
			buildConfigurationList = 24516FB50F0FB41A988ADA9E /* Build configuration list for PBXProject "SubscriptionManager" */;
			developmentRegion = en;
			hasScannedForEncodings = 0;
			knownRegions = (
				Base,
				en,
				"zh-Hans",
			);
			mainGroup = 330771DFBD330C997380DE27;
			minimizedProjectReferenceProxies = 1;
			packageReferences = (
				3B254E47BCBD6A6DC4777DE3 /* XCLocalSwiftPackageReference "Packages/SubscriptionCore" */,
			);
			preferredProjectObjectVersion = 77;
			productRefGroup = 91D10F42CF493F725CBDF4AC /* Products */;
			projectDirPath = "";
			projectRoot = "";
			targets = (
				56B439A7F4EE5BEA55D5EE49 /* SubscriptionManager */,
				8EF6D325FD11789E1AAF40EF /* SubscriptionManagerTests */,
				C31F72127A379DD9E25117AA /* SubscriptionManagerUITests */,
			);
		};
/* End PBXProject section */

/* Begin PBXResourcesBuildPhase section */
		EF0F8F628B42511776D79188 /* Resources */ = {
			isa = PBXResourcesBuildPhase;
			buildActionMask = 2147483647;
			files = (
				1B0600010000000000000003 /* catalog-v1.json in Resources */,
				665528E003EC11A9189C1B7D /* InfoPlist.xcstrings in Resources */,
				9C86757EC90F9573E7228788 /* Localizable.xcstrings in Resources */,
			);
			runOnlyForDeploymentPostprocessing = 0;
		};
/* End PBXResourcesBuildPhase section */

/* Begin PBXSourcesBuildPhase section */
		79057D6825C052EBE1FBA7B0 /* Sources */ = {
			isa = PBXSourcesBuildPhase;
			buildActionMask = 2147483647;
			files = (
				1B1800010000000000000003 /* EventKitCalendarProjectionImporter.swift in Sources */,
				1B1700010000000000000001 /* CalendarProjectionView.swift in Sources */,
				1B2000010000000000000001 /* PortableExportView.swift in Sources */,
				1B0600010000000000000008 /* CatalogBrowserView.swift in Sources */,
				1B0600010000000000000010 /* CatalogPresetDetailView.swift in Sources */,
				1B0600010000000000000005 /* BundledCatalogRepository.swift in Sources */,
				1B0700010000000000000001 /* FileCatalogCache.swift in Sources */,
				1B0700010000000000000003 /* GitHubCatalogUpdateSource.swift in Sources */,
				1B1600010000000000000001 /* CloudKitLibrarySyncMonitor.swift in Sources */,
				95DD1A1B26E3AC5313818053 /* AddSubscriptionView.swift in Sources */,
				1B0500010000000000000001 /* ConfirmChargeView.swift in Sources */,
				8BDFDA89FC3799D7A394A305 /* AppDependencies.swift in Sources */,
				A105480E30F53C6D44A30A8F /* BillingScheduleSupport.swift in Sources */,
				CF6E7CA71A3B6B192FC10E3D /* EditSubscriptionView.swift in Sources */,
				C9F6A31BE02C4B3821562DFC /* LibraryView.swift in Sources */,
				6660C4236F0802CD6EA713D1 /* MoneyFormatting.swift in Sources */,
				29ACA04B956288B794B208B0 /* ReactivateSubscriptionView.swift in Sources */,
				5A00649C395B2B471599C013 /* RecordCancellationView.swift in Sources */,
				1B0500010000000000000003 /* RecordPriceChangeView.swift in Sources */,
				4C12D90EEC1CC642D35E22A2 /* SubscriptionDetailView.swift in Sources */,
				71D3C438264BA1B8C68FE357 /* SubscriptionFormSupport.swift in Sources */,
				AFD2FBBC3C7453EE8B17A22D /* SubscriptionLifecycleSupport.swift in Sources */,
				5EFACBCB58F5A772FF61FF4B /* SubscriptionManagerApp.swift in Sources */,
				866177EEBBB6B76DADA471C2 /* SubscriptionRecord.swift in Sources */,
				E3EC37D5EF593651F866C788 /* SubscriptionRow.swift in Sources */,
				54723BACD6E59DC50EEFDCED /* SwiftDataSubscriptionRepository.swift in Sources */,
			);
			runOnlyForDeploymentPostprocessing = 0;
		};
		AA7F7FD9AB14DB92EF5770B0 /* Sources */ = {
			isa = PBXSourcesBuildPhase;
			buildActionMask = 2147483647;
			files = (
				F227D20F28F63E3A1A7D0681 /* SubscriptionManagerUITests.swift in Sources */,
			);
			runOnlyForDeploymentPostprocessing = 0;
		};
		B8726DBC44A1417F0E5B276B /* Sources */ = {
			isa = PBXSourcesBuildPhase;
			buildActionMask = 2147483647;
			files = (
				1B1800010000000000000001 /* EventKitCalendarProjectionImporterTests.swift in Sources */,
				FE9D2A03AAAF24FCBDC2CEA0 /* AppDependenciesTests.swift in Sources */,
				1B0600010000000000000001 /* BundledCatalogRepositoryTests.swift in Sources */,
				F67C63EB88D910146E613A1A /* ManagementURLValidationTests.swift in Sources */,
				CD2E291B88ADA438114AEA63 /* MoneyFormattingTests.swift in Sources */,
				07BD717C844F32E7282360A2 /* SubscriptionLookupTests.swift in Sources */,
				C90E83DF13A2B2073C083FBF /* SwiftDataSubscriptionRepositoryTests.swift in Sources */,
			);
			runOnlyForDeploymentPostprocessing = 0;
		};
/* End PBXSourcesBuildPhase section */

/* Begin PBXTargetDependency section */
		553FCED0035B072963B64B81 /* PBXTargetDependency */ = {
			isa = PBXTargetDependency;
			target = 56B439A7F4EE5BEA55D5EE49 /* SubscriptionManager */;
			targetProxy = F6ADE214110C6AAEAF9E7231 /* PBXContainerItemProxy */;
		};
		E68F9056E1EF6C13BC991365 /* PBXTargetDependency */ = {
			isa = PBXTargetDependency;
			target = 56B439A7F4EE5BEA55D5EE49 /* SubscriptionManager */;
			targetProxy = A8AFB8CFEFF5090F4BAA973D /* PBXContainerItemProxy */;
		};
/* End PBXTargetDependency section */

/* Begin XCBuildConfiguration section */
		14A92FB91C013BCCA1945D17 /* Release */ = {
			isa = XCBuildConfiguration;
			buildSettings = {
				ALWAYS_SEARCH_USER_PATHS = NO;
				CLANG_ANALYZER_NONNULL = YES;
				CLANG_ANALYZER_NUMBER_OBJECT_CONVERSION = YES_AGGRESSIVE;
				CLANG_CXX_LANGUAGE_STANDARD = "gnu++14";
				CLANG_CXX_LIBRARY = "libc++";
				CLANG_ENABLE_MODULES = YES;
				CLANG_ENABLE_OBJC_ARC = YES;
				CLANG_ENABLE_OBJC_WEAK = YES;
				CLANG_WARN_BLOCK_CAPTURE_AUTORELEASING = YES;
				CLANG_WARN_BOOL_CONVERSION = YES;
				CLANG_WARN_COMMA = YES;
				CLANG_WARN_CONSTANT_CONVERSION = YES;
				CLANG_WARN_DEPRECATED_OBJC_IMPLEMENTATIONS = YES;
				CLANG_WARN_DIRECT_OBJC_ISA_USAGE = YES_ERROR;
				CLANG_WARN_DOCUMENTATION_COMMENTS = YES;
				CLANG_WARN_EMPTY_BODY = YES;
				CLANG_WARN_ENUM_CONVERSION = YES;
				CLANG_WARN_INFINITE_RECURSION = YES;
				CLANG_WARN_INT_CONVERSION = YES;
				CLANG_WARN_NON_LITERAL_NULL_CONVERSION = YES;
				CLANG_WARN_OBJC_IMPLICIT_RETAIN_SELF = YES;
				CLANG_WARN_OBJC_LITERAL_CONVERSION = YES;
				CLANG_WARN_OBJC_ROOT_CLASS = YES_ERROR;
				CLANG_WARN_QUOTED_INCLUDE_IN_FRAMEWORK_HEADER = YES;
				CLANG_WARN_RANGE_LOOP_ANALYSIS = YES;
				CLANG_WARN_STRICT_PROTOTYPES = YES;
				CLANG_WARN_SUSPICIOUS_MOVE = YES;
				CLANG_WARN_UNGUARDED_AVAILABILITY = YES_AGGRESSIVE;
				CLANG_WARN_UNREACHABLE_CODE = YES;
				CLANG_WARN__DUPLICATE_METHOD_MATCH = YES;
				COPY_PHASE_STRIP = NO;
				CURRENT_PROJECT_VERSION = 1;
				DEBUG_INFORMATION_FORMAT = "dwarf-with-dsym";
				ENABLE_NS_ASSERTIONS = NO;
				ENABLE_PREVIEWS = YES;
				ENABLE_STRICT_OBJC_MSGSEND = YES;
				ENABLE_USER_SCRIPT_SANDBOXING = YES;
				GCC_C_LANGUAGE_STANDARD = gnu11;
				GCC_NO_COMMON_BLOCKS = YES;
				GCC_WARN_64_TO_32_BIT_CONVERSION = YES;
				GCC_WARN_ABOUT_RETURN_TYPE = YES_ERROR;
				GCC_WARN_UNDECLARED_SELECTOR = YES;
				GCC_WARN_UNINITIALIZED_AUTOS = YES_AGGRESSIVE;
				GCC_WARN_UNUSED_FUNCTION = YES;
				GCC_WARN_UNUSED_VARIABLE = YES;
				IPHONEOS_DEPLOYMENT_TARGET = 27.0;
				LOCALIZATION_PREFERS_STRING_CATALOGS = YES;
				MACOSX_DEPLOYMENT_TARGET = 27.0;
				MARKETING_VERSION = 0.1.0;
				MTL_ENABLE_DEBUG_INFO = NO;
				MTL_FAST_MATH = YES;
				PRODUCT_NAME = "$(TARGET_NAME)";
				SDKROOT = auto;
				SWIFT_COMPILATION_MODE = wholemodule;
				SWIFT_EMIT_LOC_STRINGS = YES;
				SWIFT_OPTIMIZATION_LEVEL = "-O";
				SWIFT_STRICT_CONCURRENCY = complete;
				SWIFT_VERSION = 6.0;
			};
			name = Release;
		};
		235D4C6A2EF97463CDAF1134 /* Release */ = {
			isa = XCBuildConfiguration;
			buildSettings = {
				ASSETCATALOG_COMPILER_APPICON_NAME = AppIcon;
				CODE_SIGN_IDENTITY = "iPhone Developer";
				CODE_SIGN_ENTITLEMENTS = SubscriptionManager/SubscriptionManager.entitlements;
				"CODE_SIGN_IDENTITY[sdk=macosx*]" = "-";
				"CODE_SIGN_STYLE[sdk=macosx*]" = Manual;
				"DEVELOPMENT_TEAM[sdk=macosx*]" = "";
				INFOPLIST_FILE = SubscriptionManager/Info.plist;
				LD_RUNPATH_SEARCH_PATHS = (
					"$(inherited)",
					"@executable_path/Frameworks",
				);
				PRODUCT_BUNDLE_IDENTIFIER = com.klausc06.SubscriptionManager;
				SDKROOT = auto;
				SUPPORTED_PLATFORMS = "iphoneos iphonesimulator macosx";
				SUPPORTS_MACCATALYST = NO;
				SUPPORTS_MAC_DESIGNED_FOR_IPHONE_IPAD = NO;
				SUPPORTS_XR_DESIGNED_FOR_IPHONE_IPAD = YES;
				TARGETED_DEVICE_FAMILY = "1,2";
			};
			name = Release;
		};
		428CAC3EBD89A202CED8485E /* Debug */ = {
			isa = XCBuildConfiguration;
			buildSettings = {
				BUNDLE_LOADER = "$(TEST_HOST)";
				"BUNDLE_LOADER[sdk=macosx*]" = "$(TEST_HOST)";
				"CODE_SIGN_IDENTITY[sdk=macosx*]" = "-";
				"CODE_SIGN_STYLE[sdk=macosx*]" = Manual;
				"DEVELOPMENT_TEAM[sdk=macosx*]" = "";
				GENERATE_INFOPLIST_FILE = YES;
				LD_RUNPATH_SEARCH_PATHS = (
					"$(inherited)",
					"@executable_path/Frameworks",
					"@loader_path/Frameworks",
				);
				PRODUCT_BUNDLE_IDENTIFIER = com.klausc06.SubscriptionManagerTests;
				SDKROOT = auto;
				SUPPORTED_PLATFORMS = "iphoneos iphonesimulator macosx";
				SUPPORTS_MACCATALYST = NO;
				SUPPORTS_MAC_DESIGNED_FOR_IPHONE_IPAD = NO;
				SUPPORTS_XR_DESIGNED_FOR_IPHONE_IPAD = YES;
				TARGETED_DEVICE_FAMILY = "1,2";
				TEST_HOST = "$(BUILT_PRODUCTS_DIR)/SubscriptionManager.app/SubscriptionManager";
				"TEST_HOST[sdk=macosx*]" = "$(BUILT_PRODUCTS_DIR)/SubscriptionManager.app/Contents/MacOS/SubscriptionManager";
			};
			name = Debug;
		};
		906C8C11EB8C1922291138CE /* Debug */ = {
			isa = XCBuildConfiguration;
			buildSettings = {
				ASSETCATALOG_COMPILER_APPICON_NAME = AppIcon;
				CODE_SIGN_IDENTITY = "iPhone Developer";
				CODE_SIGN_ENTITLEMENTS = SubscriptionManager/SubscriptionManager.entitlements;
				"CODE_SIGN_IDENTITY[sdk=macosx*]" = "-";
				"CODE_SIGN_STYLE[sdk=macosx*]" = Manual;
				"DEVELOPMENT_TEAM[sdk=macosx*]" = "";
				INFOPLIST_FILE = SubscriptionManager/Info.plist;
				LD_RUNPATH_SEARCH_PATHS = (
					"$(inherited)",
					"@executable_path/Frameworks",
				);
				PRODUCT_BUNDLE_IDENTIFIER = com.klausc06.SubscriptionManager;
				SDKROOT = auto;
				SUPPORTED_PLATFORMS = "iphoneos iphonesimulator macosx";
				SUPPORTS_MACCATALYST = NO;
				SUPPORTS_MAC_DESIGNED_FOR_IPHONE_IPAD = NO;
				SUPPORTS_XR_DESIGNED_FOR_IPHONE_IPAD = YES;
				TARGETED_DEVICE_FAMILY = "1,2";
			};
			name = Debug;
		};
		AAAB5A17629537F9F5D5B6EC /* Debug */ = {
			isa = XCBuildConfiguration;
			buildSettings = {
				BUNDLE_LOADER = "$(TEST_HOST)";
				"CODE_SIGN_IDENTITY[sdk=macosx*]" = "-";
				"CODE_SIGN_STYLE[sdk=macosx*]" = Manual;
				"DEVELOPMENT_TEAM[sdk=macosx*]" = "";
				GENERATE_INFOPLIST_FILE = YES;
				LD_RUNPATH_SEARCH_PATHS = (
					"$(inherited)",
					"@executable_path/Frameworks",
					"@loader_path/Frameworks",
				);
				PRODUCT_BUNDLE_IDENTIFIER = com.klausc06.SubscriptionManagerUITests;
				SDKROOT = auto;
				SUPPORTED_PLATFORMS = "iphoneos iphonesimulator macosx";
				SUPPORTS_MACCATALYST = NO;
				SUPPORTS_MAC_DESIGNED_FOR_IPHONE_IPAD = NO;
				SUPPORTS_XR_DESIGNED_FOR_IPHONE_IPAD = YES;
				TARGETED_DEVICE_FAMILY = "1,2";
				TEST_TARGET_NAME = SubscriptionManager;
			};
			name = Debug;
		};
		C96116A8325E980C813C47E3 /* Debug */ = {
			isa = XCBuildConfiguration;
			buildSettings = {
				ALWAYS_SEARCH_USER_PATHS = NO;
				CLANG_ANALYZER_NONNULL = YES;
				CLANG_ANALYZER_NUMBER_OBJECT_CONVERSION = YES_AGGRESSIVE;
				CLANG_CXX_LANGUAGE_STANDARD = "gnu++14";
				CLANG_CXX_LIBRARY = "libc++";
				CLANG_ENABLE_MODULES = YES;
				CLANG_ENABLE_OBJC_ARC = YES;
				CLANG_ENABLE_OBJC_WEAK = YES;
				CLANG_WARN_BLOCK_CAPTURE_AUTORELEASING = YES;
				CLANG_WARN_BOOL_CONVERSION = YES;
				CLANG_WARN_COMMA = YES;
				CLANG_WARN_CONSTANT_CONVERSION = YES;
				CLANG_WARN_DEPRECATED_OBJC_IMPLEMENTATIONS = YES;
				CLANG_WARN_DIRECT_OBJC_ISA_USAGE = YES_ERROR;
				CLANG_WARN_DOCUMENTATION_COMMENTS = YES;
				CLANG_WARN_EMPTY_BODY = YES;
				CLANG_WARN_ENUM_CONVERSION = YES;
				CLANG_WARN_INFINITE_RECURSION = YES;
				CLANG_WARN_INT_CONVERSION = YES;
				CLANG_WARN_NON_LITERAL_NULL_CONVERSION = YES;
				CLANG_WARN_OBJC_IMPLICIT_RETAIN_SELF = YES;
				CLANG_WARN_OBJC_LITERAL_CONVERSION = YES;
				CLANG_WARN_OBJC_ROOT_CLASS = YES_ERROR;
				CLANG_WARN_QUOTED_INCLUDE_IN_FRAMEWORK_HEADER = YES;
				CLANG_WARN_RANGE_LOOP_ANALYSIS = YES;
				CLANG_WARN_STRICT_PROTOTYPES = YES;
				CLANG_WARN_SUSPICIOUS_MOVE = YES;
				CLANG_WARN_UNGUARDED_AVAILABILITY = YES_AGGRESSIVE;
				CLANG_WARN_UNREACHABLE_CODE = YES;
				CLANG_WARN__DUPLICATE_METHOD_MATCH = YES;
				COPY_PHASE_STRIP = NO;
				CURRENT_PROJECT_VERSION = 1;
				DEBUG_INFORMATION_FORMAT = dwarf;
				ENABLE_PREVIEWS = YES;
				ENABLE_STRICT_OBJC_MSGSEND = YES;
				ENABLE_TESTABILITY = YES;
				ENABLE_USER_SCRIPT_SANDBOXING = YES;
				GCC_C_LANGUAGE_STANDARD = gnu11;
				GCC_DYNAMIC_NO_PIC = NO;
				GCC_NO_COMMON_BLOCKS = YES;
				GCC_OPTIMIZATION_LEVEL = 0;
				GCC_PREPROCESSOR_DEFINITIONS = (
					"$(inherited)",
					"DEBUG=1",
				);
				GCC_WARN_64_TO_32_BIT_CONVERSION = YES;
				GCC_WARN_ABOUT_RETURN_TYPE = YES_ERROR;
				GCC_WARN_UNDECLARED_SELECTOR = YES;
				GCC_WARN_UNINITIALIZED_AUTOS = YES_AGGRESSIVE;
				GCC_WARN_UNUSED_FUNCTION = YES;
				GCC_WARN_UNUSED_VARIABLE = YES;
				IPHONEOS_DEPLOYMENT_TARGET = 27.0;
				LOCALIZATION_PREFERS_STRING_CATALOGS = YES;
				MACOSX_DEPLOYMENT_TARGET = 27.0;
				MARKETING_VERSION = 0.1.0;
				MTL_ENABLE_DEBUG_INFO = INCLUDE_SOURCE;
				MTL_FAST_MATH = YES;
				ONLY_ACTIVE_ARCH = YES;
				PRODUCT_NAME = "$(TARGET_NAME)";
				SDKROOT = auto;
				SWIFT_ACTIVE_COMPILATION_CONDITIONS = DEBUG;
				SWIFT_EMIT_LOC_STRINGS = YES;
				SWIFT_OPTIMIZATION_LEVEL = "-Onone";
				SWIFT_STRICT_CONCURRENCY = complete;
				SWIFT_VERSION = 6.0;
			};
			name = Debug;
		};
		E4176EA6D439E187792956ED /* Release */ = {
			isa = XCBuildConfiguration;
			buildSettings = {
				BUNDLE_LOADER = "$(TEST_HOST)";
				"CODE_SIGN_IDENTITY[sdk=macosx*]" = "-";
				"CODE_SIGN_STYLE[sdk=macosx*]" = Manual;
				"DEVELOPMENT_TEAM[sdk=macosx*]" = "";
				GENERATE_INFOPLIST_FILE = YES;
				LD_RUNPATH_SEARCH_PATHS = (
					"$(inherited)",
					"@executable_path/Frameworks",
					"@loader_path/Frameworks",
				);
				PRODUCT_BUNDLE_IDENTIFIER = com.klausc06.SubscriptionManagerUITests;
				SDKROOT = auto;
				SUPPORTED_PLATFORMS = "iphoneos iphonesimulator macosx";
				SUPPORTS_MACCATALYST = NO;
				SUPPORTS_MAC_DESIGNED_FOR_IPHONE_IPAD = NO;
				SUPPORTS_XR_DESIGNED_FOR_IPHONE_IPAD = YES;
				TARGETED_DEVICE_FAMILY = "1,2";
				TEST_TARGET_NAME = SubscriptionManager;
			};
			name = Release;
		};
		F8E42B3B668ED10335A7E313 /* Release */ = {
			isa = XCBuildConfiguration;
			buildSettings = {
				BUNDLE_LOADER = "$(TEST_HOST)";
				"BUNDLE_LOADER[sdk=macosx*]" = "$(TEST_HOST)";
				"CODE_SIGN_IDENTITY[sdk=macosx*]" = "-";
				"CODE_SIGN_STYLE[sdk=macosx*]" = Manual;
				"DEVELOPMENT_TEAM[sdk=macosx*]" = "";
				GENERATE_INFOPLIST_FILE = YES;
				LD_RUNPATH_SEARCH_PATHS = (
					"$(inherited)",
					"@executable_path/Frameworks",
					"@loader_path/Frameworks",
				);
				PRODUCT_BUNDLE_IDENTIFIER = com.klausc06.SubscriptionManagerTests;
				SDKROOT = auto;
				SUPPORTED_PLATFORMS = "iphoneos iphonesimulator macosx";
				SUPPORTS_MACCATALYST = NO;
				SUPPORTS_MAC_DESIGNED_FOR_IPHONE_IPAD = NO;
				SUPPORTS_XR_DESIGNED_FOR_IPHONE_IPAD = YES;
				TARGETED_DEVICE_FAMILY = "1,2";
				TEST_HOST = "$(BUILT_PRODUCTS_DIR)/SubscriptionManager.app/SubscriptionManager";
				"TEST_HOST[sdk=macosx*]" = "$(BUILT_PRODUCTS_DIR)/SubscriptionManager.app/Contents/MacOS/SubscriptionManager";
			};
			name = Release;
		};
/* End XCBuildConfiguration section */

/* Begin XCConfigurationList section */
		24516FB50F0FB41A988ADA9E /* Build configuration list for PBXProject "SubscriptionManager" */ = {
			isa = XCConfigurationList;
			buildConfigurations = (
				C96116A8325E980C813C47E3 /* Debug */,
				14A92FB91C013BCCA1945D17 /* Release */,
			);
			defaultConfigurationIsVisible = 0;
			defaultConfigurationName = Debug;
		};
		399D641B54CC2C910B7B2090 /* Build configuration list for PBXNativeTarget "SubscriptionManager" */ = {
			isa = XCConfigurationList;
			buildConfigurations = (
				906C8C11EB8C1922291138CE /* Debug */,
				235D4C6A2EF97463CDAF1134 /* Release */,
			);
			defaultConfigurationIsVisible = 0;
			defaultConfigurationName = Debug;
		};
		57181758D9D60D941937DCFC /* Build configuration list for PBXNativeTarget "SubscriptionManagerTests" */ = {
			isa = XCConfigurationList;
			buildConfigurations = (
				428CAC3EBD89A202CED8485E /* Debug */,
				F8E42B3B668ED10335A7E313 /* Release */,
			);
			defaultConfigurationIsVisible = 0;
			defaultConfigurationName = Debug;
		};
		825A209A58936F91A1832428 /* Build configuration list for PBXNativeTarget "SubscriptionManagerUITests" */ = {
			isa = XCConfigurationList;
			buildConfigurations = (
				AAAB5A17629537F9F5D5B6EC /* Debug */,
				E4176EA6D439E187792956ED /* Release */,
			);
			defaultConfigurationIsVisible = 0;
			defaultConfigurationName = Debug;
		};
/* End XCConfigurationList section */

/* Begin XCLocalSwiftPackageReference section */
		3B254E47BCBD6A6DC4777DE3 /* XCLocalSwiftPackageReference "Packages/SubscriptionCore" */ = {
			isa = XCLocalSwiftPackageReference;
			relativePath = Packages/SubscriptionCore;
		};
/* End XCLocalSwiftPackageReference section */

/* Begin XCSwiftPackageProductDependency section */
		30FD0B5354BE8274C66402A8 /* SubscriptionCore */ = {
			isa = XCSwiftPackageProductDependency;
			productName = SubscriptionCore;
		};
		68D9CBCB130A9BFEC4CE076E /* SubscriptionCore */ = {
			isa = XCSwiftPackageProductDependency;
			productName = SubscriptionCore;
		};
/* End XCSwiftPackageProductDependency section */
	};
	rootObject = 7027914DB025F3AD4DCB8619 /* Project object */;
}
